// !$*UTF8*$!
{
	archiveVersion = 1;
	classes = {
	};
	objectVersion = 48;
	objects = {

/* Begin PBXBuildFile section */
		5D087A1F1F67125900ABE044 /* Podfile in Resources */ = {isa = PBXBuildFile; fileRef = 5D087A1E1F67125900ABE044 /* Podfile */; };
		5D087A211F671DFF00ABE044 /* MainViewController.swift in Sources */ = {isa = PBXBuildFile; fileRef = 5D087A201F671DFF00ABE044 /* MainViewController.swift */; };
		5D087A231F673CA100ABE044 /* DownloadAllShopInteractorNSOpImpl.swift in Sources */ = {isa = PBXBuildFile; fileRef = 5D087A221F673CA100ABE044 /* DownloadAllShopInteractorNSOpImpl.swift */; };
		5D12392D1F7C545D0027D07A /* ActivitiesExecuteOnceInteractorImpl.swift in Sources */ = {isa = PBXBuildFile; fileRef = 5D12392C1F7C545D0027D07A /* ActivitiesExecuteOnceInteractorImpl.swift */; };
		5D12392F1F7C54E80027D07A /* ActivitiesSetExecutedOnceInteractorImpl.swift in Sources */ = {isa = PBXBuildFile; fileRef = 5D12392E1F7C54E80027D07A /* ActivitiesSetExecutedOnceInteractorImpl.swift */; };
		5D1239311F7C5B250027D07A /* ActivitiesViewController+Map.swift in Sources */ = {isa = PBXBuildFile; fileRef = 5D1239301F7C5B250027D07A /* ActivitiesViewController+Map.swift */; };
		5D2CAB9C1F69A67300EB266D /* JsonParser.swift in Sources */ = {isa = PBXBuildFile; fileRef = 5D2CAB9B1F69A67300EB266D /* JsonParser.swift */; };
		5D45D18E1F79A3DE003D98BA /* ActivityDetailViewController.swift in Sources */ = {isa = PBXBuildFile; fileRef = 5D45D18D1F79A3DE003D98BA /* ActivityDetailViewController.swift */; };
		5D52CD9F1F6DA7870092ED51 /* SaveAllShopsInteractor.swift in Sources */ = {isa = PBXBuildFile; fileRef = 5D52CD9E1F6DA7870092ED51 /* SaveAllShopsInteractor.swift */; };
		5D52CDA11F6DA8460092ED51 /* SaveAllShopsInteractorImpl.swift in Sources */ = {isa = PBXBuildFile; fileRef = 5D52CDA01F6DA8460092ED51 /* SaveAllShopsInteractorImpl.swift */; };
		5D5C5E611F797D96001DC71C /* DownloadAllActivitiesInteractorNSURLSessionImpl.swift in Sources */ = {isa = PBXBuildFile; fileRef = 5D5C5E601F797D96001DC71C /* DownloadAllActivitiesInteractorNSURLSessionImpl.swift */; };
		5D6F587A1F7680DD00C71CB4 /* Activity.swift in Sources */ = {isa = PBXBuildFile; fileRef = 5D6F58791F7680DD00C71CB4 /* Activity.swift */; };
		5D6F587C1F76837200C71CB4 /* Activities.swift in Sources */ = {isa = PBXBuildFile; fileRef = 5D6F587B1F76837200C71CB4 /* Activities.swift */; };
		5D6F587E1F76E69700C71CB4 /* ActivitiesTests.swift in Sources */ = {isa = PBXBuildFile; fileRef = 5D6F587D1F76E69700C71CB4 /* ActivitiesTests.swift */; };
		5D6F58801F77134100C71CB4 /* DownloadAllActivitiesInteractor.swift in Sources */ = {isa = PBXBuildFile; fileRef = 5D6F587F1F77134100C71CB4 /* DownloadAllActivitiesInteractor.swift */; };
		5D6F58841F77944D00C71CB4 /* DownloadAllActivitiesInteractorFakeImpl.swift in Sources */ = {isa = PBXBuildFile; fileRef = 5D6F58831F77944D00C71CB4 /* DownloadAllActivitiesInteractorFakeImpl.swift */; };
		5D6F58861F7797B700C71CB4 /* ActivitiesViewController.swift in Sources */ = {isa = PBXBuildFile; fileRef = 5D6F58851F7797B700C71CB4 /* ActivitiesViewController.swift */; };
		5D6F588A1F78187800C71CB4 /* activitiesViewController+CollectionVC.swift in Sources */ = {isa = PBXBuildFile; fileRef = 5D6F58891F78187800C71CB4 /* activitiesViewController+CollectionVC.swift */; };
		5D6F588C1F781C5100C71CB4 /* CollectionViewActivityCell.swift in Sources */ = {isa = PBXBuildFile; fileRef = 5D6F588B1F781C5100C71CB4 /* CollectionViewActivityCell.swift */; };
		5D6F588E1F7864B900C71CB4 /* DownloadAllActivitiesInteractorNSOpImpl.swift in Sources */ = {isa = PBXBuildFile; fileRef = 5D6F588D1F7864B900C71CB4 /* DownloadAllActivitiesInteractorNSOpImpl.swift */; };
		5D7273E51F69AAEA009A72C8 /* DownloadAllShopsinteractorNSURLSessionImpl.swift in Sources */ = {isa = PBXBuildFile; fileRef = 5D7273E41F69AAEA009A72C8 /* DownloadAllShopsinteractorNSURLSessionImpl.swift */; };
		5D7273E71F69F068009A72C8 /* ShopDetailViewController.swift in Sources */ = {isa = PBXBuildFile; fileRef = 5D7273E61F69F068009A72C8 /* ShopDetailViewController.swift */; };
		5D7DCF1A1F74223A006CE98D /* MapPin.swift in Sources */ = {isa = PBXBuildFile; fileRef = 5D7DCF191F74223A006CE98D /* MapPin.swift */; };
		5D7DCF1C1F752027006CE98D /* ViewController+Map.swift in Sources */ = {isa = PBXBuildFile; fileRef = 5D7DCF1B1F752027006CE98D /* ViewController+Map.swift */; };
		5D7DCF1E1F763A0B006CE98D /* String+Float.swift in Sources */ = {isa = PBXBuildFile; fileRef = 5D7DCF1D1F763A0B006CE98D /* String+Float.swift */; };
		5D88181B1F61D007000E5C91 /* AppDelegate.swift in Sources */ = {isa = PBXBuildFile; fileRef = 5D88181A1F61D007000E5C91 /* AppDelegate.swift */; };
		5D88181D1F61D007000E5C91 /* ViewController.swift in Sources */ = {isa = PBXBuildFile; fileRef = 5D88181C1F61D007000E5C91 /* ViewController.swift */; };
		5D8818201F61D007000E5C91 /* Main.storyboard in Resources */ = {isa = PBXBuildFile; fileRef = 5D88181E1F61D007000E5C91 /* Main.storyboard */; };
		5D8818221F61D007000E5C91 /* Assets.xcassets in Resources */ = {isa = PBXBuildFile; fileRef = 5D8818211F61D007000E5C91 /* Assets.xcassets */; };
		5D8818251F61D007000E5C91 /* LaunchScreen.storyboard in Resources */ = {isa = PBXBuildFile; fileRef = 5D8818231F61D007000E5C91 /* LaunchScreen.storyboard */; };
		5D88183E1F61D2D7000E5C91 /* Shop.swift in Sources */ = {isa = PBXBuildFile; fileRef = 5D88183D1F61D2D7000E5C91 /* Shop.swift */; };
		5D8818401F61D4E9000E5C91 /* Shops.swift in Sources */ = {isa = PBXBuildFile; fileRef = 5D88183F1F61D4E9000E5C91 /* Shops.swift */; };
		5D8818421F61DAE4000E5C91 /* ShopsTests.swift in Sources */ = {isa = PBXBuildFile; fileRef = 5D8818411F61DAE4000E5C91 /* ShopsTests.swift */; };
		5D99DA1C1F70539000E256AD /* MapShops.swift in Sources */ = {isa = PBXBuildFile; fileRef = 5D99DA1B1F70539000E256AD /* MapShops.swift */; };
		5D99DA1E1F70615100E256AD /* ExecuteOnceInteractor.swift in Sources */ = {isa = PBXBuildFile; fileRef = 5D99DA1D1F70615100E256AD /* ExecuteOnceInteractor.swift */; };
		5D99DA201F7061EE00E256AD /* SetExecutedOnceInteractor.swift in Sources */ = {isa = PBXBuildFile; fileRef = 5D99DA1F1F7061EE00E256AD /* SetExecutedOnceInteractor.swift */; };
		5D99DA221F7068D000E256AD /* SetExecutedOnceInteractorImpl.swift in Sources */ = {isa = PBXBuildFile; fileRef = 5D99DA211F7068D000E256AD /* SetExecutedOnceInteractorImpl.swift */; };
		5D99DA241F7069AF00E256AD /* ExecuteOnceInteractorImpl.swift in Sources */ = {isa = PBXBuildFile; fileRef = 5D99DA231F7069AF00E256AD /* ExecuteOnceInteractorImpl.swift */; };
		5DD508B71F7B1603001233FC /* SaveAllActivitiesInteractor.swift in Sources */ = {isa = PBXBuildFile; fileRef = 5DD508B61F7B1603001233FC /* SaveAllActivitiesInteractor.swift */; };
		5DD508B91F7B16C3001233FC /* SaveAllActivitiesInteractorImpl.swift in Sources */ = {isa = PBXBuildFile; fileRef = 5DD508B81F7B16C3001233FC /* SaveAllActivitiesInteractorImpl.swift */; };
		5DE5C9FD1F7B1A3C002A73D3 /* MapActivities.swift in Sources */ = {isa = PBXBuildFile; fileRef = 5DE5C9FC1F7B1A3C002A73D3 /* MapActivities.swift */; };
		5DEC493F1F6D8ECE00E03EDA /* CoreData.framework in Frameworks */ = {isa = PBXBuildFile; fileRef = 5DEC493E1F6D8ECE00E03EDA /* CoreData.framework */; };
		5DEC49421F6D8F1400E03EDA /* MadridShops.xcdatamodeld in Sources */ = {isa = PBXBuildFile; fileRef = 5DEC49401F6D8F1400E03EDA /* MadridShops.xcdatamodeld */; };
		5DEC49441F6D944F00E03EDA /* CoreDataStack.swift in Sources */ = {isa = PBXBuildFile; fileRef = 5DEC49431F6D944F00E03EDA /* CoreDataStack.swift */; };
		5DF172971F61E1580044D7AE /* DownloadAllShopsInteractor.swift in Sources */ = {isa = PBXBuildFile; fileRef = 5DF172961F61E1580044D7AE /* DownloadAllShopsInteractor.swift */; };
		5DF172991F61E9CB0044D7AE /* Typealias.swift in Sources */ = {isa = PBXBuildFile; fileRef = 5DF172981F61E9CB0044D7AE /* Typealias.swift */; };
		5DF1729B1F61EA0E0044D7AE /* DownloadAllShopsInteractorFakeImpl.swift in Sources */ = {isa = PBXBuildFile; fileRef = 5DF1729A1F61EA0E0044D7AE /* DownloadAllShopsInteractorFakeImpl.swift */; };
		5DF1729E1F61F55E0044D7AE /* MapKit.framework in Frameworks */ = {isa = PBXBuildFile; fileRef = 5DF1729D1F61F55E0044D7AE /* MapKit.framework */; };
		5DF172A01F61F6EA0044D7AE /* ViewController+CollectionViewController.swift in Sources */ = {isa = PBXBuildFile; fileRef = 5DF1729F1F61F6EA0044D7AE /* ViewController+CollectionViewController.swift */; };
		5DF172A21F61FA250044D7AE /* CollectionViewShopCell.swift in Sources */ = {isa = PBXBuildFile; fileRef = 5DF172A11F61FA250044D7AE /* CollectionViewShopCell.swift */; };
		5DF84A991F6AE58600A3FE50 /* String+Image.swift in Sources */ = {isa = PBXBuildFile; fileRef = 5DF84A981F6AE58600A3FE50 /* String+Image.swift */; };
		C51FC5858CE80A397C334965 /* Pods_MadridShops.framework in Frameworks */ = {isa = PBXBuildFile; fileRef = 6CC60177B47F2ECD7CA0AB25 /* Pods_MadridShops.framework */; };
/* End PBXBuildFile section */

/* Begin PBXContainerItemProxy section */
		5D88182C1F61D007000E5C91 /* PBXContainerItemProxy */ = {
			isa = PBXContainerItemProxy;
			containerPortal = 5D88180F1F61D007000E5C91 /* Project object */;
			proxyType = 1;
			remoteGlobalIDString = 5D8818161F61D007000E5C91;
			remoteInfo = MadridShops;
		};
/* End PBXContainerItemProxy section */

/* Begin PBXFileReference section */
		28D90ADCD967F88CF080F443 /* Pods-MadridShops.release.xcconfig */ = {isa = PBXFileReference; includeInIndex = 1; lastKnownFileType = text.xcconfig; name = "Pods-MadridShops.release.xcconfig"; path = "Pods/Target Support Files/Pods-MadridShops/Pods-MadridShops.release.xcconfig"; sourceTree = "<group>"; };
		513E0337D1FC910FECFF4801 /* Pods-MadridShops.debug.xcconfig */ = {isa = PBXFileReference; includeInIndex = 1; lastKnownFileType = text.xcconfig; name = "Pods-MadridShops.debug.xcconfig"; path = "Pods/Target Support Files/Pods-MadridShops/Pods-MadridShops.debug.xcconfig"; sourceTree = "<group>"; };
		5D087A1E1F67125900ABE044 /* Podfile */ = {isa = PBXFileReference; lastKnownFileType = text; path = Podfile; sourceTree = "<group>"; xcLanguageSpecificationIdentifier = xcode.lang.ruby; };
		5D087A201F671DFF00ABE044 /* MainViewController.swift */ = {isa = PBXFileReference; lastKnownFileType = sourcecode.swift; path = MainViewController.swift; sourceTree = "<group>"; };
		5D087A221F673CA100ABE044 /* DownloadAllShopInteractorNSOpImpl.swift */ = {isa = PBXFileReference; lastKnownFileType = sourcecode.swift; path = DownloadAllShopInteractorNSOpImpl.swift; sourceTree = "<group>"; };
		5D12392C1F7C545D0027D07A /* ActivitiesExecuteOnceInteractorImpl.swift */ = {isa = PBXFileReference; lastKnownFileType = sourcecode.swift; path = ActivitiesExecuteOnceInteractorImpl.swift; sourceTree = "<group>"; };
		5D12392E1F7C54E80027D07A /* ActivitiesSetExecutedOnceInteractorImpl.swift */ = {isa = PBXFileReference; lastKnownFileType = sourcecode.swift; path = ActivitiesSetExecutedOnceInteractorImpl.swift; sourceTree = "<group>"; };
		5D1239301F7C5B250027D07A /* ActivitiesViewController+Map.swift */ = {isa = PBXFileReference; lastKnownFileType = sourcecode.swift; path = "ActivitiesViewController+Map.swift"; sourceTree = "<group>"; };
		5D1239321F7C702C0027D07A /* Madrid.jpg */ = {isa = PBXFileReference; lastKnownFileType = image.jpeg; path = Madrid.jpg; sourceTree = "<group>"; };
		5D2CAB9B1F69A67300EB266D /* JsonParser.swift */ = {isa = PBXFileReference; lastKnownFileType = sourcecode.swift; path = JsonParser.swift; sourceTree = "<group>"; };
		5D45D18D1F79A3DE003D98BA /* ActivityDetailViewController.swift */ = {isa = PBXFileReference; lastKnownFileType = sourcecode.swift; path = ActivityDetailViewController.swift; sourceTree = "<group>"; };
		5D52CD9E1F6DA7870092ED51 /* SaveAllShopsInteractor.swift */ = {isa = PBXFileReference; lastKnownFileType = sourcecode.swift; path = SaveAllShopsInteractor.swift; sourceTree = "<group>"; };
		5D52CDA01F6DA8460092ED51 /* SaveAllShopsInteractorImpl.swift */ = {isa = PBXFileReference; lastKnownFileType = sourcecode.swift; path = SaveAllShopsInteractorImpl.swift; sourceTree = "<group>"; };
		5D5C5E601F797D96001DC71C /* DownloadAllActivitiesInteractorNSURLSessionImpl.swift */ = {isa = PBXFileReference; lastKnownFileType = sourcecode.swift; path = DownloadAllActivitiesInteractorNSURLSessionImpl.swift; sourceTree = "<group>"; };
		5D6F58791F7680DD00C71CB4 /* Activity.swift */ = {isa = PBXFileReference; lastKnownFileType = sourcecode.swift; path = Activity.swift; sourceTree = "<group>"; };
		5D6F587B1F76837200C71CB4 /* Activities.swift */ = {isa = PBXFileReference; lastKnownFileType = sourcecode.swift; path = Activities.swift; sourceTree = "<group>"; };
		5D6F587D1F76E69700C71CB4 /* ActivitiesTests.swift */ = {isa = PBXFileReference; lastKnownFileType = sourcecode.swift; path = ActivitiesTests.swift; sourceTree = "<group>"; };
		5D6F587F1F77134100C71CB4 /* DownloadAllActivitiesInteractor.swift */ = {isa = PBXFileReference; lastKnownFileType = sourcecode.swift; path = DownloadAllActivitiesInteractor.swift; sourceTree = "<group>"; };
		5D6F58831F77944D00C71CB4 /* DownloadAllActivitiesInteractorFakeImpl.swift */ = {isa = PBXFileReference; lastKnownFileType = sourcecode.swift; path = DownloadAllActivitiesInteractorFakeImpl.swift; sourceTree = "<group>"; };
		5D6F58851F7797B700C71CB4 /* ActivitiesViewController.swift */ = {isa = PBXFileReference; lastKnownFileType = sourcecode.swift; path = ActivitiesViewController.swift; sourceTree = "<group>"; };
		5D6F58891F78187800C71CB4 /* activitiesViewController+CollectionVC.swift */ = {isa = PBXFileReference; lastKnownFileType = sourcecode.swift; path = "activitiesViewController+CollectionVC.swift"; sourceTree = "<group>"; };
		5D6F588B1F781C5100C71CB4 /* CollectionViewActivityCell.swift */ = {isa = PBXFileReference; lastKnownFileType = sourcecode.swift; path = CollectionViewActivityCell.swift; sourceTree = "<group>"; };
		5D6F588D1F7864B900C71CB4 /* DownloadAllActivitiesInteractorNSOpImpl.swift */ = {isa = PBXFileReference; lastKnownFileType = sourcecode.swift; path = DownloadAllActivitiesInteractorNSOpImpl.swift; sourceTree = "<group>"; };
		5D7273E41F69AAEA009A72C8 /* DownloadAllShopsinteractorNSURLSessionImpl.swift */ = {isa = PBXFileReference; lastKnownFileType = sourcecode.swift; path = DownloadAllShopsinteractorNSURLSessionImpl.swift; sourceTree = "<group>"; };
		5D7273E61F69F068009A72C8 /* ShopDetailViewController.swift */ = {isa = PBXFileReference; lastKnownFileType = sourcecode.swift; path = ShopDetailViewController.swift; sourceTree = "<group>"; };
		5D7DCF191F74223A006CE98D /* MapPin.swift */ = {isa = PBXFileReference; lastKnownFileType = sourcecode.swift; path = MapPin.swift; sourceTree = "<group>"; };
		5D7DCF1B1F752027006CE98D /* ViewController+Map.swift */ = {isa = PBXFileReference; lastKnownFileType = sourcecode.swift; path = "ViewController+Map.swift"; sourceTree = "<group>"; };
		5D7DCF1D1F763A0B006CE98D /* String+Float.swift */ = {isa = PBXFileReference; lastKnownFileType = sourcecode.swift; path = "String+Float.swift"; sourceTree = "<group>"; };
		5D8818171F61D007000E5C91 /* MadridShops.app */ = {isa = PBXFileReference; explicitFileType = wrapper.application; includeInIndex = 0; path = MadridShops.app; sourceTree = BUILT_PRODUCTS_DIR; };
		5D88181A1F61D007000E5C91 /* AppDelegate.swift */ = {isa = PBXFileReference; lastKnownFileType = sourcecode.swift; path = AppDelegate.swift; sourceTree = "<group>"; };
		5D88181C1F61D007000E5C91 /* ViewController.swift */ = {isa = PBXFileReference; lastKnownFileType = sourcecode.swift; path = ViewController.swift; sourceTree = "<group>"; };
		5D88181F1F61D007000E5C91 /* Base */ = {isa = PBXFileReference; lastKnownFileType = file.storyboard; name = Base; path = Base.lproj/Main.storyboard; sourceTree = "<group>"; };
		5D8818211F61D007000E5C91 /* Assets.xcassets */ = {isa = PBXFileReference; lastKnownFileType = folder.assetcatalog; path = Assets.xcassets; sourceTree = "<group>"; };
		5D8818241F61D007000E5C91 /* Base */ = {isa = PBXFileReference; lastKnownFileType = file.storyboard; name = Base; path = Base.lproj/LaunchScreen.storyboard; sourceTree = "<group>"; };
		5D8818261F61D007000E5C91 /* Info.plist */ = {isa = PBXFileReference; lastKnownFileType = text.plist.xml; path = Info.plist; sourceTree = "<group>"; };
		5D88182B1F61D007000E5C91 /* MadridShopsTests.xctest */ = {isa = PBXFileReference; explicitFileType = wrapper.cfbundle; includeInIndex = 0; path = MadridShopsTests.xctest; sourceTree = BUILT_PRODUCTS_DIR; };
		5D8818311F61D007000E5C91 /* Info.plist */ = {isa = PBXFileReference; lastKnownFileType = text.plist.xml; path = Info.plist; sourceTree = "<group>"; };
		5D88183D1F61D2D7000E5C91 /* Shop.swift */ = {isa = PBXFileReference; lastKnownFileType = sourcecode.swift; path = Shop.swift; sourceTree = "<group>"; };
		5D88183F1F61D4E9000E5C91 /* Shops.swift */ = {isa = PBXFileReference; lastKnownFileType = sourcecode.swift; path = Shops.swift; sourceTree = "<group>"; };
		5D8818411F61DAE4000E5C91 /* ShopsTests.swift */ = {isa = PBXFileReference; lastKnownFileType = sourcecode.swift; path = ShopsTests.swift; sourceTree = "<group>"; };
		5D99DA1B1F70539000E256AD /* MapShops.swift */ = {isa = PBXFileReference; lastKnownFileType = sourcecode.swift; path = MapShops.swift; sourceTree = "<group>"; };
		5D99DA1D1F70615100E256AD /* ExecuteOnceInteractor.swift */ = {isa = PBXFileReference; lastKnownFileType = sourcecode.swift; path = ExecuteOnceInteractor.swift; sourceTree = "<group>"; };
		5D99DA1F1F7061EE00E256AD /* SetExecutedOnceInteractor.swift */ = {isa = PBXFileReference; lastKnownFileType = sourcecode.swift; path = SetExecutedOnceInteractor.swift; sourceTree = "<group>"; };
		5D99DA211F7068D000E256AD /* SetExecutedOnceInteractorImpl.swift */ = {isa = PBXFileReference; lastKnownFileType = sourcecode.swift; path = SetExecutedOnceInteractorImpl.swift; sourceTree = "<group>"; };
		5D99DA231F7069AF00E256AD /* ExecuteOnceInteractorImpl.swift */ = {isa = PBXFileReference; lastKnownFileType = sourcecode.swift; path = ExecuteOnceInteractorImpl.swift; sourceTree = "<group>"; };
		5DC00CCF1F7D034B00A0DA3C /* shops_icon.png */ = {isa = PBXFileReference; lastKnownFileType = image.png; path = shops_icon.png; sourceTree = "<group>"; };
		5DC00CD01F7D035200A0DA3C /* activities_icon.png */ = {isa = PBXFileReference; lastKnownFileType = image.png; path = activities_icon.png; sourceTree = "<group>"; };
		5DD508B61F7B1603001233FC /* SaveAllActivitiesInteractor.swift */ = {isa = PBXFileReference; lastKnownFileType = sourcecode.swift; path = SaveAllActivitiesInteractor.swift; sourceTree = "<group>"; };
		5DD508B81F7B16C3001233FC /* SaveAllActivitiesInteractorImpl.swift */ = {isa = PBXFileReference; lastKnownFileType = sourcecode.swift; path = SaveAllActivitiesInteractorImpl.swift; sourceTree = "<group>"; };
		5DE5C9FC1F7B1A3C002A73D3 /* MapActivities.swift */ = {isa = PBXFileReference; lastKnownFileType = sourcecode.swift; path = MapActivities.swift; sourceTree = "<group>"; };
		5DEC493E1F6D8ECE00E03EDA /* CoreData.framework */ = {isa = PBXFileReference; lastKnownFileType = wrapper.framework; name = CoreData.framework; path = System/Library/Frameworks/CoreData.framework; sourceTree = SDKROOT; };
		5DEC49411F6D8F1400E03EDA /* MadridShops.xcdatamodel */ = {isa = PBXFileReference; lastKnownFileType = wrapper.xcdatamodel; path = MadridShops.xcdatamodel; sourceTree = "<group>"; };
		5DEC49431F6D944F00E03EDA /* CoreDataStack.swift */ = {isa = PBXFileReference; lastKnownFileType = sourcecode.swift; path = CoreDataStack.swift; sourceTree = "<group>"; };
		5DF172961F61E1580044D7AE /* DownloadAllShopsInteractor.swift */ = {isa = PBXFileReference; lastKnownFileType = sourcecode.swift; path = DownloadAllShopsInteractor.swift; sourceTree = "<group>"; };
		5DF172981F61E9CB0044D7AE /* Typealias.swift */ = {isa = PBXFileReference; lastKnownFileType = sourcecode.swift; path = Typealias.swift; sourceTree = "<group>"; };
		5DF1729A1F61EA0E0044D7AE /* DownloadAllShopsInteractorFakeImpl.swift */ = {isa = PBXFileReference; lastKnownFileType = sourcecode.swift; path = DownloadAllShopsInteractorFakeImpl.swift; sourceTree = "<group>"; };
		5DF1729D1F61F55E0044D7AE /* MapKit.framework */ = {isa = PBXFileReference; lastKnownFileType = wrapper.framework; name = MapKit.framework; path = System/Library/Frameworks/MapKit.framework; sourceTree = SDKROOT; };
		5DF1729F1F61F6EA0044D7AE /* ViewController+CollectionViewController.swift */ = {isa = PBXFileReference; lastKnownFileType = sourcecode.swift; path = "ViewController+CollectionViewController.swift"; sourceTree = "<group>"; };
		5DF172A11F61FA250044D7AE /* CollectionViewShopCell.swift */ = {isa = PBXFileReference; lastKnownFileType = sourcecode.swift; path = CollectionViewShopCell.swift; sourceTree = "<group>"; };
		5DF84A981F6AE58600A3FE50 /* String+Image.swift */ = {isa = PBXFileReference; lastKnownFileType = sourcecode.swift; path = "String+Image.swift"; sourceTree = "<group>"; };
		6CC60177B47F2ECD7CA0AB25 /* Pods_MadridShops.framework */ = {isa = PBXFileReference; explicitFileType = wrapper.framework; includeInIndex = 0; path = Pods_MadridShops.framework; sourceTree = BUILT_PRODUCTS_DIR; };
/* End PBXFileReference section */

/* Begin PBXFrameworksBuildPhase section */
		5D8818141F61D007000E5C91 /* Frameworks */ = {
			isa = PBXFrameworksBuildPhase;
			buildActionMask = 2147483647;
			files = (
				5DEC493F1F6D8ECE00E03EDA /* CoreData.framework in Frameworks */,
				5DF1729E1F61F55E0044D7AE /* MapKit.framework in Frameworks */,
				C51FC5858CE80A397C334965 /* Pods_MadridShops.framework in Frameworks */,
			);
			runOnlyForDeploymentPostprocessing = 0;
		};
		5D8818281F61D007000E5C91 /* Frameworks */ = {
			isa = PBXFrameworksBuildPhase;
			buildActionMask = 2147483647;
			files = (
			);
			runOnlyForDeploymentPostprocessing = 0;
		};
/* End PBXFrameworksBuildPhase section */

/* Begin PBXGroup section */
		5D1239331F7C715B0027D07A /* Resources */ = {
			isa = PBXGroup;
			children = (
				5DC00CD01F7D035200A0DA3C /* activities_icon.png */,
				5DC00CCF1F7D034B00A0DA3C /* shops_icon.png */,
				5D1239321F7C702C0027D07A /* Madrid.jpg */,
			);
			path = Resources;
			sourceTree = "<group>";
		};
		5D2CAB9A1F69A65C00EB266D /* Json Parser */ = {
			isa = PBXGroup;
			children = (
				5D2CAB9B1F69A67300EB266D /* JsonParser.swift */,
			);
			path = "Json Parser";
			sourceTree = "<group>";
		};
		5D52CD9D1F6DA74D0092ED51 /* CacheInteractors */ = {
			isa = PBXGroup;
			children = (
				5D52CD9E1F6DA7870092ED51 /* SaveAllShopsInteractor.swift */,
				5D52CDA01F6DA8460092ED51 /* SaveAllShopsInteractorImpl.swift */,
			);
			path = CacheInteractors;
			sourceTree = "<group>";
		};
		5D6F58811F77144F00C71CB4 /* ShopsInteractor */ = {
			isa = PBXGroup;
			children = (
				5D52CD9D1F6DA74D0092ED51 /* CacheInteractors */,
				5DF172961F61E1580044D7AE /* DownloadAllShopsInteractor.swift */,
				5DF1729A1F61EA0E0044D7AE /* DownloadAllShopsInteractorFakeImpl.swift */,
				5D087A221F673CA100ABE044 /* DownloadAllShopInteractorNSOpImpl.swift */,
				5D7273E41F69AAEA009A72C8 /* DownloadAllShopsinteractorNSURLSessionImpl.swift */,
				5DF172981F61E9CB0044D7AE /* Typealias.swift */,
			);
			path = ShopsInteractor;
			sourceTree = "<group>";
		};
		5D6F58821F7714AD00C71CB4 /* ActivitiesInteractor */ = {
			isa = PBXGroup;
			children = (
				5DD508B51F7B15E6001233FC /* CacheInteractors */,
				5D6F587F1F77134100C71CB4 /* DownloadAllActivitiesInteractor.swift */,
				5D6F58831F77944D00C71CB4 /* DownloadAllActivitiesInteractorFakeImpl.swift */,
				5D6F588D1F7864B900C71CB4 /* DownloadAllActivitiesInteractorNSOpImpl.swift */,
				5D5C5E601F797D96001DC71C /* DownloadAllActivitiesInteractorNSURLSessionImpl.swift */,
			);
			path = ActivitiesInteractor;
			sourceTree = "<group>";
		};
		5D6F58871F7797C200C71CB4 /* ShopsViewControllers */ = {
			isa = PBXGroup;
			children = (
				5D88181C1F61D007000E5C91 /* ViewController.swift */,
				5DF1729F1F61F6EA0044D7AE /* ViewController+CollectionViewController.swift */,
				5D7273E61F69F068009A72C8 /* ShopDetailViewController.swift */,
				5D7DCF1B1F752027006CE98D /* ViewController+Map.swift */,
			);
			path = ShopsViewControllers;
			sourceTree = "<group>";
		};
		5D6F58881F7797DB00C71CB4 /* ActivitiesViewControllers */ = {
			isa = PBXGroup;
			children = (
				5D6F58851F7797B700C71CB4 /* ActivitiesViewController.swift */,
				5D6F58891F78187800C71CB4 /* activitiesViewController+CollectionVC.swift */,
				5D45D18D1F79A3DE003D98BA /* ActivityDetailViewController.swift */,
				5D1239301F7C5B250027D07A /* ActivitiesViewController+Map.swift */,
			);
			path = ActivitiesViewControllers;
			sourceTree = "<group>";
		};
		5D88180E1F61D007000E5C91 = {
			isa = PBXGroup;
			children = (
				5D087A1E1F67125900ABE044 /* Podfile */,
				5D8818191F61D007000E5C91 /* MadridShops */,
				5D88182E1F61D007000E5C91 /* MadridShopsTests */,
				5D8818181F61D007000E5C91 /* Products */,
				5DF1729C1F61F55E0044D7AE /* Frameworks */,
				A43B706718C0B855CFF2DD72 /* Pods */,
			);
			sourceTree = "<group>";
		};
		5D8818181F61D007000E5C91 /* Products */ = {
			isa = PBXGroup;
			children = (
				5D8818171F61D007000E5C91 /* MadridShops.app */,
				5D88182B1F61D007000E5C91 /* MadridShopsTests.xctest */,
			);
			name = Products;
			sourceTree = "<group>";
		};
		5D8818191F61D007000E5C91 /* MadridShops */ = {
			isa = PBXGroup;
			children = (
				5D88181A1F61D007000E5C91 /* AppDelegate.swift */,
				5D1239331F7C715B0027D07A /* Resources */,
				5DF84A971F6AE56400A3FE50 /* Util */,
				5D88183C1F61D1AA000E5C91 /* Model */,
				5D88183B1F61D1A3000E5C91 /* View */,
				5D88183A1F61D198000E5C91 /* Controller */,
				5D8818211F61D007000E5C91 /* Assets.xcassets */,
				5D8818261F61D007000E5C91 /* Info.plist */,
			);
			path = MadridShops;
			sourceTree = "<group>";
		};
		5D88182E1F61D007000E5C91 /* MadridShopsTests */ = {
			isa = PBXGroup;
			children = (
				5D8818311F61D007000E5C91 /* Info.plist */,
				5D8818411F61DAE4000E5C91 /* ShopsTests.swift */,
				5D6F587D1F76E69700C71CB4 /* ActivitiesTests.swift */,
			);
			path = MadridShopsTests;
			sourceTree = "<group>";
		};
		5D88183A1F61D198000E5C91 /* Controller */ = {
			isa = PBXGroup;
			children = (
				5D087A201F671DFF00ABE044 /* MainViewController.swift */,
				5D6F58881F7797DB00C71CB4 /* ActivitiesViewControllers */,
				5D6F58871F7797C200C71CB4 /* ShopsViewControllers */,
			);
			path = Controller;
			sourceTree = "<group>";
		};
		5D88183B1F61D1A3000E5C91 /* View */ = {
			isa = PBXGroup;
			children = (
				5D88181E1F61D007000E5C91 /* Main.storyboard */,
				5D8818231F61D007000E5C91 /* LaunchScreen.storyboard */,
				5DF172A11F61FA250044D7AE /* CollectionViewShopCell.swift */,
				5D6F588B1F781C5100C71CB4 /* CollectionViewActivityCell.swift */,
			);
			path = View;
			sourceTree = "<group>";
		};
		5D88183C1F61D1AA000E5C91 /* Model */ = {
			isa = PBXGroup;
			children = (
				5D99DA1A1F70534C00E256AD /* Mappers */,
				5D2CAB9A1F69A65C00EB266D /* Json Parser */,
				5DF172951F61E08C0044D7AE /* Interactors */,
				5D88183D1F61D2D7000E5C91 /* Shop.swift */,
				5D88183F1F61D4E9000E5C91 /* Shops.swift */,
				5D6F58791F7680DD00C71CB4 /* Activity.swift */,
				5D6F587B1F76837200C71CB4 /* Activities.swift */,
				5DEC49401F6D8F1400E03EDA /* MadridShops.xcdatamodeld */,
			);
			path = Model;
			sourceTree = "<group>";
		};
		5D99DA1A1F70534C00E256AD /* Mappers */ = {
			isa = PBXGroup;
			children = (
				5D99DA1B1F70539000E256AD /* MapShops.swift */,
				5DE5C9FC1F7B1A3C002A73D3 /* MapActivities.swift */,
			);
			path = Mappers;
			sourceTree = "<group>";
		};
		5DD508B51F7B15E6001233FC /* CacheInteractors */ = {
			isa = PBXGroup;
			children = (
				5DD508B61F7B1603001233FC /* SaveAllActivitiesInteractor.swift */,
				5DD508B81F7B16C3001233FC /* SaveAllActivitiesInteractorImpl.swift */,
			);
			path = CacheInteractors;
			sourceTree = "<group>";
		};
		5DF172951F61E08C0044D7AE /* Interactors */ = {
			isa = PBXGroup;
			children = (
				5D99DA1D1F70615100E256AD /* ExecuteOnceInteractor.swift */,
				5D99DA231F7069AF00E256AD /* ExecuteOnceInteractorImpl.swift */,
				5D12392C1F7C545D0027D07A /* ActivitiesExecuteOnceInteractorImpl.swift */,
				5D99DA1F1F7061EE00E256AD /* SetExecutedOnceInteractor.swift */,
				5D99DA211F7068D000E256AD /* SetExecutedOnceInteractorImpl.swift */,
				5D12392E1F7C54E80027D07A /* ActivitiesSetExecutedOnceInteractorImpl.swift */,
				5D6F58821F7714AD00C71CB4 /* ActivitiesInteractor */,
				5D6F58811F77144F00C71CB4 /* ShopsInteractor */,
			);
			path = Interactors;
			sourceTree = "<group>";
		};
		5DF1729C1F61F55E0044D7AE /* Frameworks */ = {
			isa = PBXGroup;
			children = (
				5DEC493E1F6D8ECE00E03EDA /* CoreData.framework */,
				5DF1729D1F61F55E0044D7AE /* MapKit.framework */,
				6CC60177B47F2ECD7CA0AB25 /* Pods_MadridShops.framework */,
			);
			name = Frameworks;
			sourceTree = "<group>";
		};
		5DF84A971F6AE56400A3FE50 /* Util */ = {
			isa = PBXGroup;
			children = (
				5DEC49431F6D944F00E03EDA /* CoreDataStack.swift */,
				5DF84A981F6AE58600A3FE50 /* String+Image.swift */,
				5D7DCF191F74223A006CE98D /* MapPin.swift */,
				5D7DCF1D1F763A0B006CE98D /* String+Float.swift */,
			);
			path = Util;
			sourceTree = "<group>";
		};
		A43B706718C0B855CFF2DD72 /* Pods */ = {
			isa = PBXGroup;
			children = (
				513E0337D1FC910FECFF4801 /* Pods-MadridShops.debug.xcconfig */,
				28D90ADCD967F88CF080F443 /* Pods-MadridShops.release.xcconfig */,
			);
			name = Pods;
			sourceTree = "<group>";
		};
/* End PBXGroup section */

/* Begin PBXNativeTarget section */
		5D8818161F61D007000E5C91 /* MadridShops */ = {
			isa = PBXNativeTarget;
			buildConfigurationList = 5D8818341F61D007000E5C91 /* Build configuration list for PBXNativeTarget "MadridShops" */;
			buildPhases = (
				406CE24F3BD6F092AA02EB6B /* [CP] Check Pods Manifest.lock */,
				5D8818131F61D007000E5C91 /* Sources */,
				5D8818141F61D007000E5C91 /* Frameworks */,
				5D8818151F61D007000E5C91 /* Resources */,
				2C8A6830D5318F0ADF1ED64D /* [CP] Embed Pods Frameworks */,
				2B301A39C25247BB39ECBF5A /* [CP] Copy Pods Resources */,
			);
			buildRules = (
			);
			dependencies = (
			);
			name = MadridShops;
			productName = MadridShops;
			productReference = 5D8818171F61D007000E5C91 /* MadridShops.app */;
			productType = "com.apple.product-type.application";
		};
		5D88182A1F61D007000E5C91 /* MadridShopsTests */ = {
			isa = PBXNativeTarget;
			buildConfigurationList = 5D8818371F61D007000E5C91 /* Build configuration list for PBXNativeTarget "MadridShopsTests" */;
			buildPhases = (
				5D8818271F61D007000E5C91 /* Sources */,
				5D8818281F61D007000E5C91 /* Frameworks */,
				5D8818291F61D007000E5C91 /* Resources */,
			);
			buildRules = (
			);
			dependencies = (
				5D88182D1F61D007000E5C91 /* PBXTargetDependency */,
			);
			name = MadridShopsTests;
			productName = MadridShopsTests;
			productReference = 5D88182B1F61D007000E5C91 /* MadridShopsTests.xctest */;
			productType = "com.apple.product-type.bundle.unit-test";
		};
/* End PBXNativeTarget section */

/* Begin PBXProject section */
		5D88180F1F61D007000E5C91 /* Project object */ = {
			isa = PBXProject;
			attributes = {
				LastSwiftUpdateCheck = 0900;
				LastUpgradeCheck = 0900;
				ORGANIZATIONNAME = "Fco. Javier Guerrero Carmona";
				TargetAttributes = {
					5D8818161F61D007000E5C91 = {
						CreatedOnToolsVersion = 9.0;
						ProvisioningStyle = Automatic;
						SystemCapabilities = {
							com.apple.Maps.iOS = {
								enabled = 1;
							};
						};
					};
					5D88182A1F61D007000E5C91 = {
						CreatedOnToolsVersion = 9.0;
						LastSwiftMigration = 0900;
						ProvisioningStyle = Automatic;
						TestTargetID = 5D8818161F61D007000E5C91;
					};
				};
			};
			buildConfigurationList = 5D8818121F61D007000E5C91 /* Build configuration list for PBXProject "MadridShops" */;
			compatibilityVersion = "Xcode 8.0";
			developmentRegion = en;
			hasScannedForEncodings = 0;
			knownRegions = (
				en,
				Base,
			);
			mainGroup = 5D88180E1F61D007000E5C91;
			productRefGroup = 5D8818181F61D007000E5C91 /* Products */;
			projectDirPath = "";
			projectRoot = "";
			targets = (
				5D8818161F61D007000E5C91 /* MadridShops */,
				5D88182A1F61D007000E5C91 /* MadridShopsTests */,
			);
		};
/* End PBXProject section */

/* Begin PBXResourcesBuildPhase section */
		5D8818151F61D007000E5C91 /* Resources */ = {
			isa = PBXResourcesBuildPhase;
			buildActionMask = 2147483647;
			files = (
				5D8818251F61D007000E5C91 /* LaunchScreen.storyboard in Resources */,
				5D8818221F61D007000E5C91 /* Assets.xcassets in Resources */,
				5D087A1F1F67125900ABE044 /* Podfile in Resources */,
				5D8818201F61D007000E5C91 /* Main.storyboard in Resources */,
			);
			runOnlyForDeploymentPostprocessing = 0;
		};
		5D8818291F61D007000E5C91 /* Resources */ = {
			isa = PBXResourcesBuildPhase;
			buildActionMask = 2147483647;
			files = (
			);
			runOnlyForDeploymentPostprocessing = 0;
		};
/* End PBXResourcesBuildPhase section */

/* Begin PBXShellScriptBuildPhase section */
		2B301A39C25247BB39ECBF5A /* [CP] Copy Pods Resources */ = {
			isa = PBXShellScriptBuildPhase;
			buildActionMask = 2147483647;
			files = (
			);
			inputPaths = (
			);
			name = "[CP] Copy Pods Resources";
			outputPaths = (
			);
			runOnlyForDeploymentPostprocessing = 0;
			shellPath = /bin/sh;
			shellScript = "\"${SRCROOT}/Pods/Target Support Files/Pods-MadridShops/Pods-MadridShops-resources.sh\"\n";
			showEnvVarsInLog = 0;
		};
		2C8A6830D5318F0ADF1ED64D /* [CP] Embed Pods Frameworks */ = {
			isa = PBXShellScriptBuildPhase;
			buildActionMask = 2147483647;
			files = (
			);
			inputPaths = (
				"${SRCROOT}/Pods/Target Support Files/Pods-MadridShops/Pods-MadridShops-frameworks.sh",
				"${BUILT_PRODUCTS_DIR}/FillableLoaders/FillableLoaders.framework",
			);
			name = "[CP] Embed Pods Frameworks";
			outputPaths = (
				"${TARGET_BUILD_DIR}/${FRAMEWORKS_FOLDER_PATH}/FillableLoaders.framework",
			);
			runOnlyForDeploymentPostprocessing = 0;
			shellPath = /bin/sh;
			shellScript = "\"${SRCROOT}/Pods/Target Support Files/Pods-MadridShops/Pods-MadridShops-frameworks.sh\"\n";
			showEnvVarsInLog = 0;
		};
		406CE24F3BD6F092AA02EB6B /* [CP] Check Pods Manifest.lock */ = {
			isa = PBXShellScriptBuildPhase;
			buildActionMask = 2147483647;
			files = (
			);
			inputPaths = (
				"${PODS_PODFILE_DIR_PATH}/Podfile.lock",
				"${PODS_ROOT}/Manifest.lock",
			);
			name = "[CP] Check Pods Manifest.lock";
			outputPaths = (
				"$(DERIVED_FILE_DIR)/Pods-MadridShops-checkManifestLockResult.txt",
			);
			runOnlyForDeploymentPostprocessing = 0;
			shellPath = /bin/sh;
			shellScript = "diff \"${PODS_PODFILE_DIR_PATH}/Podfile.lock\" \"${PODS_ROOT}/Manifest.lock\" > /dev/null\nif [ $? != 0 ] ; then\n    # print error to STDERR\n    echo \"error: The sandbox is not in sync with the Podfile.lock. Run 'pod install' or update your CocoaPods installation.\" >&2\n    exit 1\nfi\n# This output is used by Xcode 'outputs' to avoid re-running this script phase.\necho \"SUCCESS\" > \"${SCRIPT_OUTPUT_FILE_0}\"\n";
			showEnvVarsInLog = 0;
		};
/* End PBXShellScriptBuildPhase section */

/* Begin PBXSourcesBuildPhase section */
		5D8818131F61D007000E5C91 /* Sources */ = {
			isa = PBXSourcesBuildPhase;
			buildActionMask = 2147483647;
			files = (
				5D88183E1F61D2D7000E5C91 /* Shop.swift in Sources */,
				5D7DCF1A1F74223A006CE98D /* MapPin.swift in Sources */,
				5DF172971F61E1580044D7AE /* DownloadAllShopsInteractor.swift in Sources */,
				5D6F58841F77944D00C71CB4 /* DownloadAllActivitiesInteractorFakeImpl.swift in Sources */,
				5D6F588E1F7864B900C71CB4 /* DownloadAllActivitiesInteractorNSOpImpl.swift in Sources */,
				5D2CAB9C1F69A67300EB266D /* JsonParser.swift in Sources */,
				5DD508B71F7B1603001233FC /* SaveAllActivitiesInteractor.swift in Sources */,
				5D52CD9F1F6DA7870092ED51 /* SaveAllShopsInteractor.swift in Sources */,
				5D7DCF1C1F752027006CE98D /* ViewController+Map.swift in Sources */,
				5DF172A21F61FA250044D7AE /* CollectionViewShopCell.swift in Sources */,
				5D99DA1E1F70615100E256AD /* ExecuteOnceInteractor.swift in Sources */,
				5D7DCF1E1F763A0B006CE98D /* String+Float.swift in Sources */,
				5D12392D1F7C545D0027D07A /* ActivitiesExecuteOnceInteractorImpl.swift in Sources */,
				5D6F588C1F781C5100C71CB4 /* CollectionViewActivityCell.swift in Sources */,
				5D7273E51F69AAEA009A72C8 /* DownloadAllShopsinteractorNSURLSessionImpl.swift in Sources */,
				5D52CDA11F6DA8460092ED51 /* SaveAllShopsInteractorImpl.swift in Sources */,
				5D99DA201F7061EE00E256AD /* SetExecutedOnceInteractor.swift in Sources */,
				5D6F58861F7797B700C71CB4 /* ActivitiesViewController.swift in Sources */,
				5DE5C9FD1F7B1A3C002A73D3 /* MapActivities.swift in Sources */,
				5D6F588A1F78187800C71CB4 /* activitiesViewController+CollectionVC.swift in Sources */,
				5D1239311F7C5B250027D07A /* ActivitiesViewController+Map.swift in Sources */,
				5D6F587A1F7680DD00C71CB4 /* Activity.swift in Sources */,
				5D88181D1F61D007000E5C91 /* ViewController.swift in Sources */,
				5D99DA1C1F70539000E256AD /* MapShops.swift in Sources */,
				5DD508B91F7B16C3001233FC /* SaveAllActivitiesInteractorImpl.swift in Sources */,
				5DF1729B1F61EA0E0044D7AE /* DownloadAllShopsInteractorFakeImpl.swift in Sources */,
				5D88181B1F61D007000E5C91 /* AppDelegate.swift in Sources */,
				5DF172A01F61F6EA0044D7AE /* ViewController+CollectionViewController.swift in Sources */,
				5D087A231F673CA100ABE044 /* DownloadAllShopInteractorNSOpImpl.swift in Sources */,
				5D12392F1F7C54E80027D07A /* ActivitiesSetExecutedOnceInteractorImpl.swift in Sources */,
				5D99DA241F7069AF00E256AD /* ExecuteOnceInteractorImpl.swift in Sources */,
				5DF172991F61E9CB0044D7AE /* Typealias.swift in Sources */,
				5D7273E71F69F068009A72C8 /* ShopDetailViewController.swift in Sources */,
				5DEC49441F6D944F00E03EDA /* CoreDataStack.swift in Sources */,
				5D8818401F61D4E9000E5C91 /* Shops.swift in Sources */,
				5D6F587C1F76837200C71CB4 /* Activities.swift in Sources */,
				5D6F58801F77134100C71CB4 /* DownloadAllActivitiesInteractor.swift in Sources */,
				5D99DA221F7068D000E256AD /* SetExecutedOnceInteractorImpl.swift in Sources */,
				5D087A211F671DFF00ABE044 /* MainViewController.swift in Sources */,
				5D45D18E1F79A3DE003D98BA /* ActivityDetailViewController.swift in Sources */,
				5DEC49421F6D8F1400E03EDA /* MadridShops.xcdatamodeld in Sources */,
				5DF84A991F6AE58600A3FE50 /* String+Image.swift in Sources */,
				5D5C5E611F797D96001DC71C /* DownloadAllActivitiesInteractorNSURLSessionImpl.swift in Sources */,
			);
			runOnlyForDeploymentPostprocessing = 0;
		};
		5D8818271F61D007000E5C91 /* Sources */ = {
			isa = PBXSourcesBuildPhase;
			buildActionMask = 2147483647;
			files = (
				5D6F587E1F76E69700C71CB4 /* ActivitiesTests.swift in Sources */,
				5D8818421F61DAE4000E5C91 /* ShopsTests.swift in Sources */,
			);
			runOnlyForDeploymentPostprocessing = 0;
		};
/* End PBXSourcesBuildPhase section */

/* Begin PBXTargetDependency section */
		5D88182D1F61D007000E5C91 /* PBXTargetDependency */ = {
			isa = PBXTargetDependency;
			target = 5D8818161F61D007000E5C91 /* MadridShops */;
			targetProxy = 5D88182C1F61D007000E5C91 /* PBXContainerItemProxy */;
		};
/* End PBXTargetDependency section */

/* Begin PBXVariantGroup section */
		5D88181E1F61D007000E5C91 /* Main.storyboard */ = {
			isa = PBXVariantGroup;
			children = (
				5D88181F1F61D007000E5C91 /* Base */,
			);
			name = Main.storyboard;
			sourceTree = "<group>";
		};
		5D8818231F61D007000E5C91 /* LaunchScreen.storyboard */ = {
			isa = PBXVariantGroup;
			children = (
				5D8818241F61D007000E5C91 /* Base */,
			);
			name = LaunchScreen.storyboard;
			sourceTree = "<group>";
		};
/* End PBXVariantGroup section */

/* Begin XCBuildConfiguration section */
		5D8818321F61D007000E5C91 /* Debug */ = {
			isa = XCBuildConfiguration;
			buildSettings = {
				ALWAYS_SEARCH_USER_PATHS = NO;
				CLANG_ANALYZER_NONNULL = YES;
				CLANG_ANALYZER_NUMBER_OBJECT_CONVERSION = YES_AGGRESSIVE;
				CLANG_CXX_LANGUAGE_STANDARD = "gnu++14";
				CLANG_CXX_LIBRARY = "libc++";
				CLANG_ENABLE_MODULES = YES;
				CLANG_ENABLE_OBJC_ARC = YES;
				CLANG_WARN_BLOCK_CAPTURE_AUTORELEASING = YES;
				CLANG_WARN_BOOL_CONVERSION = YES;
				CLANG_WARN_COMMA = YES;
				CLANG_WARN_CONSTANT_CONVERSION = YES;
				CLANG_WARN_DIRECT_OBJC_ISA_USAGE = YES_ERROR;
				CLANG_WARN_DOCUMENTATION_COMMENTS = YES;
				CLANG_WARN_EMPTY_BODY = YES;
				CLANG_WARN_ENUM_CONVERSION = YES;
				CLANG_WARN_INFINITE_RECURSION = YES;
				CLANG_WARN_INT_CONVERSION = YES;
				CLANG_WARN_NON_LITERAL_NULL_CONVERSION = YES;
				CLANG_WARN_OBJC_LITERAL_CONVERSION = YES;
				CLANG_WARN_OBJC_ROOT_CLASS = YES_ERROR;
				CLANG_WARN_RANGE_LOOP_ANALYSIS = YES;
				CLANG_WARN_STRICT_PROTOTYPES = YES;
				CLANG_WARN_SUSPICIOUS_MOVE = YES;
				CLANG_WARN_UNGUARDED_AVAILABILITY = YES_AGGRESSIVE;
				CLANG_WARN_UNREACHABLE_CODE = YES;
				CLANG_WARN__DUPLICATE_METHOD_MATCH = YES;
				CODE_SIGN_IDENTITY = "iPhone Developer";
				COPY_PHASE_STRIP = NO;
				DEBUG_INFORMATION_FORMAT = dwarf;
				ENABLE_STRICT_OBJC_MSGSEND = YES;
				ENABLE_TESTABILITY = YES;
				GCC_C_LANGUAGE_STANDARD = gnu11;
				GCC_DYNAMIC_NO_PIC = NO;
				GCC_NO_COMMON_BLOCKS = YES;
				GCC_OPTIMIZATION_LEVEL = 0;
				GCC_PREPROCESSOR_DEFINITIONS = (
					"DEBUG=1",
					"$(inherited)",
				);
				GCC_WARN_64_TO_32_BIT_CONVERSION = YES;
				GCC_WARN_ABOUT_RETURN_TYPE = YES_ERROR;
				GCC_WARN_UNDECLARED_SELECTOR = YES;
				GCC_WARN_UNINITIALIZED_AUTOS = YES_AGGRESSIVE;
				GCC_WARN_UNUSED_FUNCTION = YES;
				GCC_WARN_UNUSED_VARIABLE = YES;
				IPHONEOS_DEPLOYMENT_TARGET = 10.0;
				MTL_ENABLE_DEBUG_INFO = YES;
				ONLY_ACTIVE_ARCH = YES;
				SDKROOT = iphoneos;
				SWIFT_ACTIVE_COMPILATION_CONDITIONS = DEBUG;
				SWIFT_OPTIMIZATION_LEVEL = "-Onone";
			};
			name = Debug;
		};
		5D8818331F61D007000E5C91 /* Release */ = {
			isa = XCBuildConfiguration;
			buildSettings = {
				ALWAYS_SEARCH_USER_PATHS = NO;
				CLANG_ANALYZER_NONNULL = YES;
				CLANG_ANALYZER_NUMBER_OBJECT_CONVERSION = YES_AGGRESSIVE;
				CLANG_CXX_LANGUAGE_STANDARD = "gnu++14";
				CLANG_CXX_LIBRARY = "libc++";
				CLANG_ENABLE_MODULES = YES;
				CLANG_ENABLE_OBJC_ARC = YES;
				CLANG_WARN_BLOCK_CAPTURE_AUTORELEASING = YES;
				CLANG_WARN_BOOL_CONVERSION = YES;
				CLANG_WARN_COMMA = YES;
				CLANG_WARN_CONSTANT_CONVERSION = YES;
				CLANG_WARN_DIRECT_OBJC_ISA_USAGE = YES_ERROR;
				CLANG_WARN_DOCUMENTATION_COMMENTS = YES;
				CLANG_WARN_EMPTY_BODY = YES;
				CLANG_WARN_ENUM_CONVERSION = YES;
				CLANG_WARN_INFINITE_RECURSION = YES;
				CLANG_WARN_INT_CONVERSION = YES;
				CLANG_WARN_NON_LITERAL_NULL_CONVERSION = YES;
				CLANG_WARN_OBJC_LITERAL_CONVERSION = YES;
				CLANG_WARN_OBJC_ROOT_CLASS = YES_ERROR;
				CLANG_WARN_RANGE_LOOP_ANALYSIS = YES;
				CLANG_WARN_STRICT_PROTOTYPES = YES;
				CLANG_WARN_SUSPICIOUS_MOVE = YES;
				CLANG_WARN_UNGUARDED_AVAILABILITY = YES_AGGRESSIVE;
				CLANG_WARN_UNREACHABLE_CODE = YES;
				CLANG_WARN__DUPLICATE_METHOD_MATCH = YES;
				CODE_SIGN_IDENTITY = "iPhone Developer";
				COPY_PHASE_STRIP = NO;
				DEBUG_INFORMATION_FORMAT = "dwarf-with-dsym";
				ENABLE_NS_ASSERTIONS = NO;
				ENABLE_STRICT_OBJC_MSGSEND = YES;
				GCC_C_LANGUAGE_STANDARD = gnu11;
				GCC_NO_COMMON_BLOCKS = YES;
				GCC_WARN_64_TO_32_BIT_CONVERSION = YES;
				GCC_WARN_ABOUT_RETURN_TYPE = YES_ERROR;
				GCC_WARN_UNDECLARED_SELECTOR = YES;
				GCC_WARN_UNINITIALIZED_AUTOS = YES_AGGRESSIVE;
				GCC_WARN_UNUSED_FUNCTION = YES;
				GCC_WARN_UNUSED_VARIABLE = YES;
				IPHONEOS_DEPLOYMENT_TARGET = 10.0;
				MTL_ENABLE_DEBUG_INFO = NO;
				SDKROOT = iphoneos;
				SWIFT_OPTIMIZATION_LEVEL = "-Owholemodule";
				VALIDATE_PRODUCT = YES;
			};
			name = Release;
		};
		5D8818351F61D007000E5C91 /* Debug */ = {
			isa = XCBuildConfiguration;
			baseConfigurationReference = 513E0337D1FC910FECFF4801 /* Pods-MadridShops.debug.xcconfig */;
			buildSettings = {
				ASSETCATALOG_COMPILER_APPICON_NAME = AppIcon;
				CODE_SIGN_STYLE = Automatic;
				DEVELOPMENT_TEAM = 7V48MNE2R2;
				INFOPLIST_FILE = MadridShops/Info.plist;
				LD_RUNPATH_SEARCH_PATHS = "$(inherited) @executable_path/Frameworks";
				PRODUCT_BUNDLE_IDENTIFIER = JGC.MadridShops;
				PRODUCT_NAME = "$(TARGET_NAME)";
				SWIFT_VERSION = 4.0;
				TARGETED_DEVICE_FAMILY = "1,2";
			};
			name = Debug;
		};
		5D8818361F61D007000E5C91 /* Release */ = {
			isa = XCBuildConfiguration;
			baseConfigurationReference = 28D90ADCD967F88CF080F443 /* Pods-MadridShops.release.xcconfig */;
			buildSettings = {
				ASSETCATALOG_COMPILER_APPICON_NAME = AppIcon;
				CODE_SIGN_STYLE = Automatic;
				DEVELOPMENT_TEAM = 7V48MNE2R2;
				INFOPLIST_FILE = MadridShops/Info.plist;
				LD_RUNPATH_SEARCH_PATHS = "$(inherited) @executable_path/Frameworks";
				PRODUCT_BUNDLE_IDENTIFIER = JGC.MadridShops;
				PRODUCT_NAME = "$(TARGET_NAME)";
				SWIFT_VERSION = 4.0;
				TARGETED_DEVICE_FAMILY = "1,2";
			};
			name = Release;
		};
		5D8818381F61D007000E5C91 /* Debug */ = {
			isa = XCBuildConfiguration;
			buildSettings = {
				ALWAYS_EMBED_SWIFT_STANDARD_LIBRARIES = YES;
				BUNDLE_LOADER = "$(TEST_HOST)";
				CLANG_ENABLE_MODULES = YES;
				CODE_SIGN_STYLE = Automatic;
				DEVELOPMENT_TEAM = 7V48MNE2R2;
				INFOPLIST_FILE = MadridShopsTests/Info.plist;
				LD_RUNPATH_SEARCH_PATHS = "$(inherited) @executable_path/Frameworks @loader_path/Frameworks";
				PRODUCT_BUNDLE_IDENTIFIER = JGC.MadridShopsTests;
				PRODUCT_NAME = "$(TARGET_NAME)";
				SWIFT_OPTIMIZATION_LEVEL = "-Onone";
				SWIFT_VERSION = 4.0;
				TARGETED_DEVICE_FAMILY = "1,2";
				TEST_HOST = "$(BUILT_PRODUCTS_DIR)/MadridShops.app/MadridShops";
			};
			name = Debug;
		};
		5D8818391F61D007000E5C91 /* Release */ = {
			isa = XCBuildConfiguration;
			buildSettings = {
				ALWAYS_EMBED_SWIFT_STANDARD_LIBRARIES = YES;
				BUNDLE_LOADER = "$(TEST_HOST)";
				CLANG_ENABLE_MODULES = YES;
				CODE_SIGN_STYLE = Automatic;
				DEVELOPMENT_TEAM = 7V48MNE2R2;
				INFOPLIST_FILE = MadridShopsTests/Info.plist;
				LD_RUNPATH_SEARCH_PATHS = "$(inherited) @executable_path/Frameworks @loader_path/Frameworks";
				PRODUCT_BUNDLE_IDENTIFIER = JGC.MadridShopsTests;
				PRODUCT_NAME = "$(TARGET_NAME)";
				SWIFT_VERSION = 4.0;
				TARGETED_DEVICE_FAMILY = "1,2";
				TEST_HOST = "$(BUILT_PRODUCTS_DIR)/MadridShops.app/MadridShops";
			};
			name = Release;
		};
/* End XCBuildConfiguration section */

/* Begin XCConfigurationList section */
		5D8818121F61D007000E5C91 /* Build configuration list for PBXProject "MadridShops" */ = {
			isa = XCConfigurationList;
			buildConfigurations = (
				5D8818321F61D007000E5C91 /* Debug */,
				5D8818331F61D007000E5C91 /* Release */,
			);
			defaultConfigurationIsVisible = 0;
			defaultConfigurationName = Release;
		};
		5D8818341F61D007000E5C91 /* Build configuration list for PBXNativeTarget "MadridShops" */ = {
			isa = XCConfigurationList;
			buildConfigurations = (
				5D8818351F61D007000E5C91 /* Debug */,
				5D8818361F61D007000E5C91 /* Release */,
			);
			defaultConfigurationIsVisible = 0;
			defaultConfigurationName = Release;
		};
		5D8818371F61D007000E5C91 /* Build configuration list for PBXNativeTarget "MadridShopsTests" */ = {
			isa = XCConfigurationList;
			buildConfigurations = (
				5D8818381F61D007000E5C91 /* Debug */,
				5D8818391F61D007000E5C91 /* Release */,
			);
			defaultConfigurationIsVisible = 0;
			defaultConfigurationName = Release;
		};
/* End XCConfigurationList section */

/* Begin XCVersionGroup section */
		5DEC49401F6D8F1400E03EDA /* MadridShops.xcdatamodeld */ = {
			isa = XCVersionGroup;
			children = (
				5DEC49411F6D8F1400E03EDA /* MadridShops.xcdatamodel */,
			);
			currentVersion = 5DEC49411F6D8F1400E03EDA /* MadridShops.xcdatamodel */;
			path = MadridShops.xcdatamodeld;
			sourceTree = "<group>";
			versionGroupType = wrapper.xcdatamodel;
		};
/* End XCVersionGroup section */
	};
	rootObject = 5D88180F1F61D007000E5C91 /* Project object */;
}
